
Microsoft Visual Studio Solution File, Format Version 12.00
# Visual Studio Version 16
VisualStudioVersion = 16.0.30011.22
MinimumVisualStudioVersion = 10.0.40219.1
Project("{9A19103F-16F7-4668-BE54-9A1E7A4F7556}") = "SportsStore", "SportsStore\SportsStore.csproj", "{15C7D2E0-EF60-4D3B-9CA7-2C39583D662D}"
EndProject
Project("{FAE04EC0-301F-11D3-BF4B-00C04F79EFBC}") = "SportsStore.Tests", "SportsStore.Tests\SportsStore.Tests.csproj", "{D92772A8-D196-48FB-AAAE-1CAE1AC15BAB}"
EndProject
Global
	GlobalSection(SolutionConfigurationPlatforms) = preSolution
		Debug|Any CPU = Debug|Any CPU
		Release|Any CPU = Release|Any CPU
	EndGlobalSection
	GlobalSection(ProjectConfigurationPlatforms) = postSolution
		{15C7D2E0-EF60-4D3B-9CA7-2C39583D662D}.Debug|Any CPU.ActiveCfg = Debug|Any CPU
		{15C7D2E0-EF60-4D3B-9CA7-2C39583D662D}.Debug|Any CPU.Build.0 = Debug|Any CPU
		{15C7D2E0-EF60-4D3B-9CA7-2C39583D662D}.Release|Any CPU.ActiveCfg = Release|Any CPU
		{15C7D2E0-EF60-4D3B-9CA7-2C39583D662D}.Release|Any CPU.Build.0 = Release|Any CPU
		{D92772A8-D196-48FB-AAAE-1CAE1AC15BAB}.Debug|Any CPU.ActiveCfg = Debug|Any CPU
		{D92772A8-D196-48FB-AAAE-1CAE1AC15BAB}.Debug|Any CPU.Build.0 = Debug|Any CPU
		{D92772A8-D196-48FB-AAAE-1CAE1AC15BAB}.Release|Any CPU.ActiveCfg = Release|Any CPU
		{D92772A8-D196-48FB-AAAE-1CAE1AC15BAB}.Release|Any CPU.Build.0 = Release|Any CPU
	EndGlobalSection
	GlobalSection(SolutionProperties) = preSolution
		HideSolutionNode = FALSE
	EndGlobalSection
	GlobalSection(ExtensibilityGlobals) = postSolution
		SolutionGuid = {998D9247-86A8-4F87-A26C-D94F064962F8}
	EndGlobalSection
EndGlobal
